
Microsoft Visual Studio Solution File, Format Version 12.00
# Visual Studio Version 17
VisualStudioVersion = 17.4.33205.214
MinimumVisualStudioVersion = 10.0.40219.1
Project("{9A19103F-16F7-4668-BE54-9A1E7A4F7556}") = "BPMNEditor", "BPMNEditor.csproj", "{6BD239B2-1082-43AE-9A72-25BDD8EA64EC}"
EndProject
Project("{9A19103F-16F7-4668-BE54-9A1E7A4F7556}") = "BlazorServerCommon_NET6", "..\..\common\BlazorServerCommon_NET6.csproj", "{6D3CD589-889F-4889-B6DF-0D65FF1CFB81}"
EndProject
Global
	GlobalSection(SolutionConfigurationPlatforms) = preSolution
		Debug|Any CPU = Debug|Any CPU
		Release|Any CPU = Release|Any CPU
	EndGlobalSection
	GlobalSection(ProjectConfigurationPlatforms) = postSolution
		{6BD239B2-1082-43AE-9A72-25BDD8EA64EC}.Debug|Any CPU.ActiveCfg = Debug|Any CPU
		{6BD239B2-1082-43AE-9A72-25BDD8EA64EC}.Debug|Any CPU.Build.0 = Debug|Any CPU
		{6BD239B2-1082-43AE-9A72-25BDD8EA64EC}.Release|Any CPU.ActiveCfg = Release|Any CPU
		{6BD239B2-1082-43AE-9A72-25BDD8EA64EC}.Release|Any CPU.Build.0 = Release|Any CPU
		{6D3CD589-889F-4889-B6DF-0D65FF1CFB81}.Debug|Any CPU.ActiveCfg = Debug|Any CPU
		{6D3CD589-889F-4889-B6DF-0D65FF1CFB81}.Debug|Any CPU.Build.0 = Debug|Any CPU
		{6D3CD589-889F-4889-B6DF-0D65FF1CFB81}.Release|Any CPU.ActiveCfg = Release|Any CPU
		{6D3CD589-889F-4889-B6DF-0D65FF1CFB81}.Release|Any CPU.Build.0 = Release|Any CPU
	EndGlobalSection
	GlobalSection(SolutionProperties) = preSolution
		HideSolutionNode = FALSE
	EndGlobalSection
	GlobalSection(ExtensibilityGlobals) = postSolution
		SolutionGuid = {8D29285C-ECB8-4FC8-BC21-2F3BD9DAE408}
	EndGlobalSection
EndGlobal
