
Microsoft Visual Studio Solution File, Format Version 12.00
# Visual Studio Version 17
VisualStudioVersion = 17.4.33205.214
MinimumVisualStudioVersion = 10.0.40219.1
Project("{9A19103F-16F7-4668-BE54-9A1E7A4F7556}") = "BPMNEditor", "BPMNEditor.csproj", "{14CED2C6-EB3B-42A8-BCD7-830827314C67}"
EndProject
Project("{9A19103F-16F7-4668-BE54-9A1E7A4F7556}") = "BlazorWasmCommon_NET6", "..\..\common\BlazorWasmCommon_NET6.csproj", "{1BE70572-766B-4A78-95D8-668752C39AD4}"
EndProject
Global
	GlobalSection(SolutionConfigurationPlatforms) = preSolution
		Debug|Any CPU = Debug|Any CPU
		Release|Any CPU = Release|Any CPU
	EndGlobalSection
	GlobalSection(ProjectConfigurationPlatforms) = postSolution
		{14CED2C6-EB3B-42A8-BCD7-830827314C67}.Debug|Any CPU.ActiveCfg = Debug|Any CPU
		{14CED2C6-EB3B-42A8-BCD7-830827314C67}.Debug|Any CPU.Build.0 = Debug|Any CPU
		{14CED2C6-EB3B-42A8-BCD7-830827314C67}.Release|Any CPU.ActiveCfg = Release|Any CPU
		{14CED2C6-EB3B-42A8-BCD7-830827314C67}.Release|Any CPU.Build.0 = Release|Any CPU
		{1BE70572-766B-4A78-95D8-668752C39AD4}.Debug|Any CPU.ActiveCfg = Debug|Any CPU
		{1BE70572-766B-4A78-95D8-668752C39AD4}.Debug|Any CPU.Build.0 = Debug|Any CPU
		{1BE70572-766B-4A78-95D8-668752C39AD4}.Release|Any CPU.ActiveCfg = Release|Any CPU
		{1BE70572-766B-4A78-95D8-668752C39AD4}.Release|Any CPU.Build.0 = Release|Any CPU
	EndGlobalSection
	GlobalSection(SolutionProperties) = preSolution
		HideSolutionNode = FALSE
	EndGlobalSection
	GlobalSection(ExtensibilityGlobals) = postSolution
		SolutionGuid = {10A8EAF7-1E0C-4AA3-8356-80601777773D}
	EndGlobalSection
EndGlobal
